
Microsoft Visual Studio Solution File, Format Version 12.00
# Visual Studio Version 17
VisualStudioVersion = 17.5.002.0
MinimumVisualStudioVersion = 10.0.40219.1
Project("{9A19103F-16F7-4668-BE54-9A1E7A4F7556}") = "ejercicio4", "ejercicio4.csproj", "{5769C00A-5E4C-41CC-A952-A7465D599F55}"
EndProject
Global
	GlobalSection(SolutionConfigurationPlatforms) = preSolution
		Debug|Any CPU = Debug|Any CPU
		Release|Any CPU = Release|Any CPU
	EndGlobalSection
	GlobalSection(ProjectConfigurationPlatforms) = postSolution
		{5769C00A-5E4C-41CC-A952-A7465D599F55}.Debug|Any CPU.ActiveCfg = Debug|Any CPU
		{5769C00A-5E4C-41CC-A952-A7465D599F55}.Debug|Any CPU.Build.0 = Debug|Any CPU
		{5769C00A-5E4C-41CC-A952-A7465D599F55}.Release|Any CPU.ActiveCfg = Release|Any CPU
		{5769C00A-5E4C-41CC-A952-A7465D599F55}.Release|Any CPU.Build.0 = Release|Any CPU
	EndGlobalSection
	GlobalSection(SolutionProperties) = preSolution
		HideSolutionNode = FALSE
	EndGlobalSection
	GlobalSection(ExtensibilityGlobals) = postSolution
		SolutionGuid = {D116EAC4-EAB2-45B2-9E76-124D60EEEF75}
	EndGlobalSection
EndGlobal
